{
  "name": "url-join",
  "version": "5.0.0",
  "lockfileVersion": 3,
  "requires": true,
  "packages": {
    "": {
      "name": "url-join",
      "version": "5.0.0",
      "license": "MIT",
      "devDependencies": {
        "conventional-changelog": "^5.0.0"
      },
      "engines": {
        "node": "^12.20.0 || ^14.13.1 || >=16.0.0"
      }
    },
    "node_modules/@babel/code-frame": {
      "version": "7.22.13",
      "resolved": "https://registry.npmjs.org/@babel/code-frame/-/code-frame-7.22.13.tgz",
      "integrity": "sha512-XktuhWlJ5g+3TJXc5upd9Ks1HutSArik6jf2eAjYFyIOf4ej3RN+184cZbzDvbPnuTJIUhPKKJE3cIsYTiAT3w==",
      "dev": true,
      "dependencies": {
        "@babel/highlight": "^7.22.13",
        "chalk": "^2.4.2"
      },
      "engines": {
        "node": ">=6.9.0"
      }
    },
    "node_modules/@babel/helper-validator-identifier": {
      "version": "7.22.20",
      "resolved": "https://registry.npmjs.org/@babel/helper-validator-identifier/-/helper-validator-identifier-7.22.20.tgz",
      "integrity": "sha512-Y4OZ+ytlatR8AI+8KZfKuL5urKp7qey08ha31L8b3BwewJAoJamTzyvxPR/5D+KkdJCGPq/+8TukHBlY10FX9A==",
      "dev": true,
      "engines": {
        "node": ">=6.9.0"
      }
    },
    "node_modules/@babel/highlight": {
      "version": "7.22.20",
      "resolved": "https://registry.npmjs.org/@babel/highlight/-/highlight-7.22.20.tgz",
      "integrity": "sha512-dkdMCN3py0+ksCgYmGG8jKeGA/8Tk+gJwSYYlFGxG5lmhfKNoAy004YpLxpS1W2J8m/EK2Ew+yOs9pVRwO89mg==",
      "dev": true,
      "dependencies": {
        "@babel/helper-validator-identifier": "^7.22.20",
        "chalk": "^2.4.2",
        "js-tokens": "^4.0.0"
      },
      "engines": {
        "node": ">=6.9.0"
      }
    },
    "node_modules/@hutson/parse-repository-url": {
      "version": "5.0.0",
      "resolved": "https://registry.npmjs.org/@hutson/parse-repository-url/-/parse-repository-url-5.0.0.tgz",
      "integrity": "sha512-e5+YUKENATs1JgYHMzTr2MW/NDcXGfYFAuOQU8gJgF/kEh4EqKgfGrfLI67bMD4tbhZVlkigz/9YYwWcbOFthg==",
      "dev": true,
      "engines": {
        "node": ">=10.13.0"
      }
    },
    "node_modules/@types/normalize-package-data": {
      "version": "2.4.4",
      "resolved": "https://registry.npmjs.org/@types/normalize-package-data/-/normalize-package-data-2.4.4.tgz",
      "integrity": "sha512-37i+OaWTh9qeK4LSHPsyRC7NahnGotNuZvjLSgcPzblpHB3rrCJxAOgI5gCdKm7coonsaX1Of0ILiTcnZjbfxA==",
      "dev": true
    },
    "node_modules/add-stream": {
      "version": "1.0.0",
      "resolved": "https://registry.npmjs.org/add-stream/-/add-stream-1.0.0.tgz",
      "integrity": "sha512-qQLMr+8o0WC4FZGQTcJiKBVC59JylcPSrTtk6usvmIDFUOCKegapy1VHQwRbFMOFyb/inzUVqHs+eMYKDM1YeQ==",
      "dev": true
    },
    "node_modules/ansi-styles": {
      "version": "3.2.1",
      "resolved": "https://registry.npmjs.org/ansi-styles/-/ansi-styles-3.2.1.tgz",
      "integrity": "sha512-VT0ZI6kZRdTh8YyJw3SMbYm/u+NqfsAxEpWO0Pf9sq8/e94WxxOpPKx9FR1FlyCtOVDNOQ+8ntlqFxiRc+r5qA==",
      "dev": true,
      "dependencies": {
        "color-convert": "^1.9.0"
      },
      "engines": {
        "node": ">=4"
      }
    },
    "node_modules/array-ify": {
      "version": "1.0.0",
      "resolved": "https://registry.npmjs.org/array-ify/-/array-ify-1.0.0.tgz",
      "integrity": "sha512-c5AMf34bKdvPhQ7tBGhqkgKNUzMr4WUs+WDtC2ZUGOUncbxKMTvqxYctiseW3+L4bA8ec+GcZ6/A/FW4m8ukng==",
      "dev": true
    },
    "node_modules/chalk": {
      "version": "2.4.2",
      "resolved": "https://registry.npmjs.org/chalk/-/chalk-2.4.2.tgz",
      "integrity": "sha512-Mti+f9lpJNcwF4tWV8/OrTTtF1gZi+f8FqlyAdouralcFWFQWF2+NgCHShjkCb+IFBLq9buZwE1xckQU4peSuQ==",
      "dev": true,
      "dependencies": {
        "ansi-styles": "^3.2.1",
        "escape-string-regexp": "^1.0.5",
        "supports-color": "^5.3.0"
      },
      "engines": {
        "node": ">=4"
      }
    },
    "node_modules/color-convert": {
      "version": "1.9.3",
      "resolved": "https://registry.npmjs.org/color-convert/-/color-convert-1.9.3.tgz",
      "integrity": "sha512-QfAUtd+vFdAtFQcC8CCyYt1fYWxSqAiK2cSD6zDB8N3cpsEBAvRxp9zOGg6G/SHHJYAT88/az/IuDGALsNVbGg==",
      "dev": true,
      "dependencies": {
        "color-name": "1.1.3"
      }
    },
    "node_modules/color-name": {
      "version": "1.1.3",
      "resolved": "https://registry.npmjs.org/color-name/-/color-name-1.1.3.tgz",
      "integrity": "sha512-72fSenhMw2HZMTVHeCA9KCmpEIbzWiQsjN+BHcBbS9vr1mtt+vJjPdksIBNUmKAW8TFUDPJK5SUU3QhE9NEXDw==",
      "dev": true
    },
    "node_modules/compare-func": {
      "version": "2.0.0",
      "resolved": "https://registry.npmjs.org/compare-func/-/compare-func-2.0.0.tgz",
      "integrity": "sha512-zHig5N+tPWARooBnb0Zx1MFcdfpyJrfTJ3Y5L+IFvUm8rM74hHz66z0gw0x4tijh5CorKkKUCnW82R2vmpeCRA==",
      "dev": true,
      "dependencies": {
        "array-ify": "^1.0.0",
        "dot-prop": "^5.1.0"
      }
    },
    "node_modules/conventional-changelog": {
      "version": "5.1.0",
      "resolved": "https://registry.npmjs.org/conventional-changelog/-/conventional-changelog-5.1.0.tgz",
      "integrity": "sha512-aWyE/P39wGYRPllcCEZDxTVEmhyLzTc9XA6z6rVfkuCD2UBnhV/sgSOKbQrEG5z9mEZJjnopjgQooTKxEg8mAg==",
      "dev": true,
      "dependencies": {
        "conventional-changelog-angular": "^7.0.0",
        "conventional-changelog-atom": "^4.0.0",
        "conventional-changelog-codemirror": "^4.0.0",
        "conventional-changelog-conventionalcommits": "^7.0.2",
        "conventional-changelog-core": "^7.0.0",
        "conventional-changelog-ember": "^4.0.0",
        "conventional-changelog-eslint": "^5.0.0",
        "conventional-changelog-express": "^4.0.0",
        "conventional-changelog-jquery": "^5.0.0",
        "conventional-changelog-jshint": "^4.0.0",
        "conventional-changelog-preset-loader": "^4.1.0"
      },
      "engines": {
        "node": ">=16"
      }
    },
    "node_modules/conventional-changelog-angular": {
      "version": "7.0.0",
      "resolved": "https://registry.npmjs.org/conventional-changelog-angular/-/conventional-changelog-angular-7.0.0.tgz",
      "integrity": "sha512-ROjNchA9LgfNMTTFSIWPzebCwOGFdgkEq45EnvvrmSLvCtAw0HSmrCs7/ty+wAeYUZyNay0YMUNYFTRL72PkBQ==",
      "dev": true,
      "dependencies": {
        "compare-func": "^2.0.0"
      },
      "engines": {
        "node": ">=16"
      }
    },
    "node_modules/conventional-changelog-atom": {
      "version": "4.0.0",
      "resolved": "https://registry.npmjs.org/conventional-changelog-atom/-/conventional-changelog-atom-4.0.0.tgz",
      "integrity": "sha512-q2YtiN7rnT1TGwPTwjjBSIPIzDJCRE+XAUahWxnh+buKK99Kks4WLMHoexw38GXx9OUxAsrp44f9qXe5VEMYhw==",
      "dev": true,
      "engines": {
        "node": ">=16"
      }
    },
    "node_modules/conventional-changelog-codemirror": {
      "version": "4.0.0",
      "resolved": "https://registry.npmjs.org/conventional-changelog-codemirror/-/conventional-changelog-codemirror-4.0.0.tgz",
      "integrity": "sha512-hQSojc/5imn1GJK3A75m9hEZZhc3urojA5gMpnar4JHmgLnuM3CUIARPpEk86glEKr3c54Po3WV/vCaO/U8g3Q==",
      "dev": true,
      "engines": {
        "node": ">=16"
      }
    },
    "node_modules/conventional-changelog-conventionalcommits": {
      "version": "7.0.2",
      "resolved": "https://registry.npmjs.org/conventional-changelog-conventionalcommits/-/conventional-changelog-conventionalcommits-7.0.2.tgz",
      "integrity": "sha512-NKXYmMR/Hr1DevQegFB4MwfM5Vv0m4UIxKZTTYuD98lpTknaZlSRrDOG4X7wIXpGkfsYxZTghUN+Qq+T0YQI7w==",
      "dev": true,
      "dependencies": {
        "compare-func": "^2.0.0"
      },
      "engines": {
        "node": ">=16"
      }
    },
    "node_modules/conventional-changelog-core": {
      "version": "7.0.0",
      "resolved": "https://registry.npmjs.org/conventional-changelog-core/-/conventional-changelog-core-7.0.0.tgz",
      "integrity": "sha512-UYgaB1F/COt7VFjlYKVE/9tTzfU3VUq47r6iWf6lM5T7TlOxr0thI63ojQueRLIpVbrtHK4Ffw+yQGduw2Bhdg==",
      "dev": true,
      "dependencies": {
        "@hutson/parse-repository-url": "^5.0.0",
        "add-stream": "^1.0.0",
        "conventional-changelog-writer": "^7.0.0",
        "conventional-commits-parser": "^5.0.0",
        "git-raw-commits": "^4.0.0",
        "git-semver-tags": "^7.0.0",
        "hosted-git-info": "^7.0.0",
        "normalize-package-data": "^6.0.0",
        "read-pkg": "^8.0.0",
        "read-pkg-up": "^10.0.0"
      },
      "engines": {
        "node": ">=16"
      }
    },
    "node_modules/conventional-changelog-ember": {
      "version": "4.0.0",
      "resolved": "https://registry.npmjs.org/conventional-changelog-ember/-/conventional-changelog-ember-4.0.0.tgz",
      "integrity": "sha512-D0IMhwcJUg1Y8FSry6XAplEJcljkHVlvAZddhhsdbL1rbsqRsMfGx/PIkPYq0ru5aDgn+OxhQ5N5yR7P9mfsvA==",
      "dev": true,
      "engines": {
        "node": ">=16"
      }
    },
    "node_modules/conventional-changelog-eslint": {
      "version": "5.0.0",
      "resolved": "https://registry.npmjs.org/conventional-changelog-eslint/-/conventional-changelog-eslint-5.0.0.tgz",
      "integrity": "sha512-6JtLWqAQIeJLn/OzUlYmzd9fKeNSWmQVim9kql+v4GrZwLx807kAJl3IJVc3jTYfVKWLxhC3BGUxYiuVEcVjgA==",
      "dev": true,
      "engines": {
        "node": ">=16"
      }
    },
    "node_modules/conventional-changelog-express": {
      "version": "4.0.0",
      "resolved": "https://registry.npmjs.org/conventional-changelog-express/-/conventional-changelog-express-4.0.0.tgz",
      "integrity": "sha512-yWyy5c7raP9v7aTvPAWzqrztACNO9+FEI1FSYh7UP7YT1AkWgv5UspUeB5v3Ibv4/o60zj2o9GF2tqKQ99lIsw==",
      "dev": true,
      "engines": {
        "node": ">=16"
      }
    },
    "node_modules/conventional-changelog-jquery": {
      "version": "5.0.0",
      "resolved": "https://registry.npmjs.org/conventional-changelog-jquery/-/conventional-changelog-jquery-5.0.0.tgz",
      "integrity": "sha512-slLjlXLRNa/icMI3+uGLQbtrgEny3RgITeCxevJB+p05ExiTgHACP5p3XiMKzjBn80n+Rzr83XMYfRInEtCPPw==",
      "dev": true,
      "engines": {
        "node": ">=16"
      }
    },
    "node_modules/conventional-changelog-jshint": {
      "version": "4.0.0",
      "resolved": "https://registry.npmjs.org/conventional-changelog-jshint/-/conventional-changelog-jshint-4.0.0.tgz",
      "integrity": "sha512-LyXq1bbl0yG0Ai1SbLxIk8ZxUOe3AjnlwE6sVRQmMgetBk+4gY9EO3d00zlEt8Y8gwsITytDnPORl8al7InTjg==",
      "dev": true,
      "dependencies": {
        "compare-func": "^2.0.0"
      },
      "engines": {
        "node": ">=16"
      }
    },
    "node_modules/conventional-changelog-preset-loader": {
      "version": "4.1.0",
      "resolved": "https://registry.npmjs.org/conventional-changelog-preset-loader/-/conventional-changelog-preset-loader-4.1.0.tgz",
      "integrity": "sha512-HozQjJicZTuRhCRTq4rZbefaiCzRM2pr6u2NL3XhrmQm4RMnDXfESU6JKu/pnKwx5xtdkYfNCsbhN5exhiKGJA==",
      "dev": true,
      "engines": {
        "node": ">=16"
      }
    },
    "node_modules/conventional-changelog-writer": {
      "version": "7.0.1",
      "resolved": "https://registry.npmjs.org/conventional-changelog-writer/-/conventional-changelog-writer-7.0.1.tgz",
      "integrity": "sha512-Uo+R9neH3r/foIvQ0MKcsXkX642hdm9odUp7TqgFS7BsalTcjzRlIfWZrZR1gbxOozKucaKt5KAbjW8J8xRSmA==",
      "dev": true,
      "dependencies": {
        "conventional-commits-filter": "^4.0.0",
        "handlebars": "^4.7.7",
        "json-stringify-safe": "^5.0.1",
        "meow": "^12.0.1",
        "semver": "^7.5.2",
        "split2": "^4.0.0"
      },
      "bin": {
        "conventional-changelog-writer": "cli.mjs"
      },
      "engines": {
        "node": ">=16"
      }
    },
    "node_modules/conventional-commits-filter": {
      "version": "4.0.0",
      "resolved": "https://registry.npmjs.org/conventional-commits-filter/-/conventional-commits-filter-4.0.0.tgz",
      "integrity": "sha512-rnpnibcSOdFcdclpFwWa+pPlZJhXE7l+XK04zxhbWrhgpR96h33QLz8hITTXbcYICxVr3HZFtbtUAQ+4LdBo9A==",
      "dev": true,
      "engines": {
        "node": ">=16"
      }
    },
    "node_modules/conventional-commits-parser": {
      "version": "5.0.0",
      "resolved": "https://registry.npmjs.org/conventional-commits-parser/-/conventional-commits-parser-5.0.0.tgz",
      "integrity": "sha512-ZPMl0ZJbw74iS9LuX9YIAiW8pfM5p3yh2o/NbXHbkFuZzY5jvdi5jFycEOkmBW5H5I7nA+D6f3UcsCLP2vvSEA==",
      "dev": true,
      "dependencies": {
        "is-text-path": "^2.0.0",
        "JSONStream": "^1.3.5",
        "meow": "^12.0.1",
        "split2": "^4.0.0"
      },
      "bin": {
        "conventional-commits-parser": "cli.mjs"
      },
      "engines": {
        "node": ">=16"
      }
    },
    "node_modules/dargs": {
      "version": "8.1.0",
      "resolved": "https://registry.npmjs.org/dargs/-/dargs-8.1.0.tgz",
      "integrity": "sha512-wAV9QHOsNbwnWdNW2FYvE1P56wtgSbM+3SZcdGiWQILwVjACCXDCI3Ai8QlCjMDB8YK5zySiXZYBiwGmNY3lnw==",
      "dev": true,
      "engines": {
        "node": ">=12"
      },
      "funding": {
        "url": "https://github.com/sponsors/sindresorhus"
      }
    },
    "node_modules/dot-prop": {
      "version": "5.3.0",
      "resolved": "https://registry.npmjs.org/dot-prop/-/dot-prop-5.3.0.tgz",
      "integrity": "sha512-QM8q3zDe58hqUqjraQOmzZ1LIH9SWQJTlEKCH4kJ2oQvLZk7RbQXvtDM2XEq3fwkV9CCvvH4LA0AV+ogFsBM2Q==",
      "dev": true,
      "dependencies": {
        "is-obj": "^2.0.0"
      },
      "engines": {
        "node": ">=8"
      }
    },
    "node_modules/error-ex": {
      "version": "1.3.2",
      "resolved": "https://registry.npmjs.org/error-ex/-/error-ex-1.3.2.tgz",
      "integrity": "sha512-7dFHNmqeFSEt2ZBsCriorKnn3Z2pj+fd9kmI6QoWw4//DL+icEBfc0U7qJCisqrTsKTjw4fNFy2pW9OqStD84g==",
      "dev": true,
      "dependencies": {
        "is-arrayish": "^0.2.1"
      }
    },
    "node_modules/escape-string-regexp": {
      "version": "1.0.5",
      "resolved": "https://registry.npmjs.org/escape-string-regexp/-/escape-string-regexp-1.0.5.tgz",
      "integrity": "sha512-vbRorB5FUQWvla16U8R/qgaFIya2qGzwDrNmCZuYKrbdSUMG6I1ZCGQRefkRVhuOkIGVne7BQ35DSfo1qvJqFg==",
      "dev": true,
      "engines": {
        "node": ">=0.8.0"
      }
    },
    "node_modules/find-up": {
      "version": "6.3.0",
      "resolved": "https://registry.npmjs.org/find-up/-/find-up-6.3.0.tgz",
      "integrity": "sha512-v2ZsoEuVHYy8ZIlYqwPe/39Cy+cFDzp4dXPaxNvkEuouymu+2Jbz0PxpKarJHYJTmv2HWT3O382qY8l4jMWthw==",
      "dev": true,
      "dependencies": {
        "locate-path": "^7.1.0",
        "path-exists": "^5.0.0"
      },
      "engines": {
        "node": "^12.20.0 || ^14.13.1 || >=16.0.0"
      },
      "funding": {
        "url": "https://github.com/sponsors/sindresorhus"
      }
    },
    "node_modules/function-bind": {
      "version": "1.1.2",
      "resolved": "https://registry.npmjs.org/function-bind/-/function-bind-1.1.2.tgz",
      "integrity": "sha512-7XHNxH7qX9xG5mIwxkhumTox/MIRNcOgDrxWsMt2pAr23WHp6MrRlN7FBSFpCpr+oVO0F744iUgR82nJMfG2SA==",
      "dev": true,
      "funding": {
        "url": "https://github.com/sponsors/ljharb"
      }
    },
    "node_modules/git-raw-commits": {
      "version": "4.0.0",
      "resolved": "https://registry.npmjs.org/git-raw-commits/-/git-raw-commits-4.0.0.tgz",
      "integrity": "sha512-ICsMM1Wk8xSGMowkOmPrzo2Fgmfo4bMHLNX6ytHjajRJUqvHOw/TFapQ+QG75c3X/tTDDhOSRPGC52dDbNM8FQ==",
      "dev": true,
      "dependencies": {
        "dargs": "^8.0.0",
        "meow": "^12.0.1",
        "split2": "^4.0.0"
      },
      "bin": {
        "git-raw-commits": "cli.mjs"
      },
      "engines": {
        "node": ">=16"
      }
    },
    "node_modules/git-semver-tags": {
      "version": "7.0.1",
      "resolved": "https://registry.npmjs.org/git-semver-tags/-/git-semver-tags-7.0.1.tgz",
      "integrity": "sha512-NY0ZHjJzyyNXHTDZmj+GG7PyuAKtMsyWSwh07CR2hOZFa+/yoTsXci/nF2obzL8UDhakFNkD9gNdt/Ed+cxh2Q==",
      "dev": true,
      "dependencies": {
        "meow": "^12.0.1",
        "semver": "^7.5.2"
      },
      "bin": {
        "git-semver-tags": "cli.mjs"
      },
      "engines": {
        "node": ">=16"
      }
    },
    "node_modules/handlebars": {
      "version": "4.7.8",
      "resolved": "https://registry.npmjs.org/handlebars/-/handlebars-4.7.8.tgz",
      "integrity": "sha512-vafaFqs8MZkRrSX7sFVUdo3ap/eNiLnb4IakshzvP56X5Nr1iGKAIqdX6tMlm6HcNRIkr6AxO5jFEoJzzpT8aQ==",
      "dev": true,
      "dependencies": {
        "minimist": "^1.2.5",
        "neo-async": "^2.6.2",
        "source-map": "^0.6.1",
        "wordwrap": "^1.0.0"
      },
      "bin": {
        "handlebars": "bin/handlebars"
      },
      "engines": {
        "node": ">=0.4.7"
      },
      "optionalDependencies": {
        "uglify-js": "^3.1.4"
      }
    },
    "node_modules/has-flag": {
      "version": "3.0.0",
      "resolved": "https://registry.npmjs.org/has-flag/-/has-flag-3.0.0.tgz",
      "integrity": "sha512-sKJf1+ceQBr4SMkvQnBDNDtf4TXpVhVGateu0t918bl30FnbE2m4vNLX+VWe/dpjlb+HugGYzW7uQXH98HPEYw==",
      "dev": true,
      "engines": {
        "node": ">=4"
      }
    },
    "node_modules/hasown": {
      "version": "2.0.0",
      "resolved": "https://registry.npmjs.org/hasown/-/hasown-2.0.0.tgz",
      "integrity": "sha512-vUptKVTpIJhcczKBbgnS+RtcuYMB8+oNzPK2/Hp3hanz8JmpATdmmgLgSaadVREkDm+e2giHwY3ZRkyjSIDDFA==",
      "dev": true,
      "dependencies": {
        "function-bind": "^1.1.2"
      },
      "engines": {
        "node": ">= 0.4"
      }
    },
    "node_modules/hosted-git-info": {
      "version": "7.0.1",
      "resolved": "https://registry.npmjs.org/hosted-git-info/-/hosted-git-info-7.0.1.tgz",
      "integrity": "sha512-+K84LB1DYwMHoHSgaOY/Jfhw3ucPmSET5v98Ke/HdNSw4a0UktWzyW1mjhjpuxxTqOOsfWT/7iVshHmVZ4IpOA==",
      "dev": true,
      "dependencies": {
        "lru-cache": "^10.0.1"
      },
      "engines": {
        "node": "^16.14.0 || >=18.0.0"
      }
    },
    "node_modules/is-arrayish": {
      "version": "0.2.1",
      "resolved": "https://registry.npmjs.org/is-arrayish/-/is-arrayish-0.2.1.tgz",
      "integrity": "sha512-zz06S8t0ozoDXMG+ube26zeCTNXcKIPJZJi8hBrF4idCLms4CG9QtK7qBl1boi5ODzFpjswb5JPmHCbMpjaYzg==",
      "dev": true
    },
    "node_modules/is-core-module": {
      "version": "2.13.1",
      "resolved": "https://registry.npmjs.org/is-core-module/-/is-core-module-2.13.1.tgz",
      "integrity": "sha512-hHrIjvZsftOsvKSn2TRYl63zvxsgE0K+0mYMoH6gD4omR5IWB2KynivBQczo3+wF1cCkjzvptnI9Q0sPU66ilw==",
      "dev": true,
      "dependencies": {
        "hasown": "^2.0.0"
      },
      "funding": {
        "url": "https://github.com/sponsors/ljharb"
      }
    },
    "node_modules/is-obj": {
      "version": "2.0.0",
      "resolved": "https://registry.npmjs.org/is-obj/-/is-obj-2.0.0.tgz",
      "integrity": "sha512-drqDG3cbczxxEJRoOXcOjtdp1J/lyp1mNn0xaznRs8+muBhgQcrnbspox5X5fOw0HnMnbfDzvnEMEtqDEJEo8w==",
      "dev": true,
      "engines": {
        "node": ">=8"
      }
    },
    "node_modules/is-text-path": {
      "version": "2.0.0",
      "resolved": "https://registry.npmjs.org/is-text-path/-/is-text-path-2.0.0.tgz",
      "integrity": "sha512-+oDTluR6WEjdXEJMnC2z6A4FRwFoYuvShVVEGsS7ewc0UTi2QtAKMDJuL4BDEVt+5T7MjFo12RP8ghOM75oKJw==",
      "dev": true,
      "dependencies": {
        "text-extensions": "^2.0.0"
      },
      "engines": {
        "node": ">=8"
      }
    },
    "node_modules/js-tokens": {
      "version": "4.0.0",
      "resolved": "https://registry.npmjs.org/js-tokens/-/js-tokens-4.0.0.tgz",
      "integrity": "sha512-RdJUflcE3cUzKiMqQgsCu06FPu9UdIJO0beYbPhHN4k6apgJtifcoCtT9bcxOpYBtpD2kCM6Sbzg4CausW/PKQ==",
      "dev": true
    },
    "node_modules/json-parse-even-better-errors": {
      "version": "3.0.0",
      "resolved": "https://registry.npmjs.org/json-parse-even-better-errors/-/json-parse-even-better-errors-3.0.0.tgz",
      "integrity": "sha512-iZbGHafX/59r39gPwVPRBGw0QQKnA7tte5pSMrhWOW7swGsVvVTjmfyAV9pNqk8YGT7tRCdxRu8uzcgZwoDooA==",
      "dev": true,
      "engines": {
        "node": "^14.17.0 || ^16.13.0 || >=18.0.0"
      }
    },
    "node_modules/json-stringify-safe": {
      "version": "5.0.1",
      "resolved": "https://registry.npmjs.org/json-stringify-safe/-/json-stringify-safe-5.0.1.tgz",
      "integrity": "sha512-ZClg6AaYvamvYEE82d3Iyd3vSSIjQ+odgjaTzRuO3s7toCdFKczob2i0zCh7JE8kWn17yvAWhUVxvqGwUalsRA==",
      "dev": true
    },
    "node_modules/jsonparse": {
      "version": "1.3.1",
      "resolved": "https://registry.npmjs.org/jsonparse/-/jsonparse-1.3.1.tgz",
      "integrity": "sha512-POQXvpdL69+CluYsillJ7SUhKvytYjW9vG/GKpnf+xP8UWgYEM/RaMzHHofbALDiKbbP1W8UEYmgGl39WkPZsg==",
      "dev": true,
      "engines": [
        "node >= 0.2.0"
      ]
    },
    "node_modules/JSONStream": {
      "version": "1.3.5",
      "resolved": "https://registry.npmjs.org/JSONStream/-/JSONStream-1.3.5.tgz",
      "integrity": "sha512-E+iruNOY8VV9s4JEbe1aNEm6MiszPRr/UfcHMz0TQh1BXSxHK+ASV1R6W4HpjBhSeS+54PIsAMCBmwD06LLsqQ==",
      "dev": true,
      "dependencies": {
        "jsonparse": "^1.2.0",
        "through": ">=2.2.7 <3"
      },
      "bin": {
        "JSONStream": "bin.js"
      },
      "engines": {
        "node": "*"
      }
    },
    "node_modules/lines-and-columns": {
      "version": "2.0.4",
      "resolved": "https://registry.npmjs.org/lines-and-columns/-/lines-and-columns-2.0.4.tgz",
      "integrity": "sha512-wM1+Z03eypVAVUCE7QdSqpVIvelbOakn1M0bPDoA4SGWPx3sNDVUiMo3L6To6WWGClB7VyXnhQ4Sn7gxiJbE6A==",
      "dev": true,
      "engines": {
        "node": "^12.20.0 || ^14.13.1 || >=16.0.0"
      }
    },
    "node_modules/locate-path": {
      "version": "7.2.0",
      "resolved": "https://registry.npmjs.org/locate-path/-/locate-path-7.2.0.tgz",
      "integrity": "sha512-gvVijfZvn7R+2qyPX8mAuKcFGDf6Nc61GdvGafQsHL0sBIxfKzA+usWn4GFC/bk+QdwPUD4kWFJLhElipq+0VA==",
      "dev": true,
      "dependencies": {
        "p-locate": "^6.0.0"
      },
      "engines": {
        "node": "^12.20.0 || ^14.13.1 || >=16.0.0"
      },
      "funding": {
        "url": "https://github.com/sponsors/sindresorhus"
      }
    },
    "node_modules/lru-cache": {
      "version": "10.0.2",
      "resolved": "https://registry.npmjs.org/lru-cache/-/lru-cache-10.0.2.tgz",
      "integrity": "sha512-Yj9mA8fPiVgOUpByoTZO5pNrcl5Yk37FcSHsUINpAsaBIEZIuqcCclDZJCVxqQShDsmYX8QG63svJiTbOATZwg==",
      "dev": true,
      "dependencies": {
        "semver": "^7.3.5"
      },
      "engines": {
        "node": "14 || >=16.14"
      }
    },
    "node_modules/meow": {
      "version": "12.1.1",
      "resolved": "https://registry.npmjs.org/meow/-/meow-12.1.1.tgz",
      "integrity": "sha512-BhXM0Au22RwUneMPwSCnyhTOizdWoIEPU9sp0Aqa1PnDMR5Wv2FGXYDjuzJEIX+Eo2Rb8xuYe5jrnm5QowQFkw==",
      "dev": true,
      "engines": {
        "node": ">=16.10"
      },
      "funding": {
        "url": "https://github.com/sponsors/sindresorhus"
      }
    },
    "node_modules/minimist": {
      "version": "1.2.8",
      "resolved": "https://registry.npmjs.org/minimist/-/minimist-1.2.8.tgz",
      "integrity": "sha512-2yyAR8qBkN3YuheJanUpWC5U3bb5osDywNB8RzDVlDwDHbocAJveqqj1u8+SVD7jkWT4yvsHCpWqqWqAxb0zCA==",
      "dev": true,
      "funding": {
        "url": "https://github.com/sponsors/ljharb"
      }
    },
    "node_modules/neo-async": {
      "version": "2.6.2",
      "resolved": "https://registry.npmjs.org/neo-async/-/neo-async-2.6.2.tgz",
      "integrity": "sha512-Yd3UES5mWCSqR+qNT93S3UoYUkqAZ9lLg8a7g9rimsWmYGK8cVToA4/sF3RrshdyV3sAGMXVUmpMYOw+dLpOuw==",
      "dev": true
    },
    "node_modules/normalize-package-data": {
      "version": "6.0.0",
      "resolved": "https://registry.npmjs.org/normalize-package-data/-/normalize-package-data-6.0.0.tgz",
      "integrity": "sha512-UL7ELRVxYBHBgYEtZCXjxuD5vPxnmvMGq0jp/dGPKKrN7tfsBh2IY7TlJ15WWwdjRWD3RJbnsygUurTK3xkPkg==",
      "dev": true,
      "dependencies": {
        "hosted-git-info": "^7.0.0",
        "is-core-module": "^2.8.1",
        "semver": "^7.3.5",
        "validate-npm-package-license": "^3.0.4"
      },
      "engines": {
        "node": "^16.14.0 || >=18.0.0"
      }
    },
    "node_modules/p-limit": {
      "version": "4.0.0",
      "resolved": "https://registry.npmjs.org/p-limit/-/p-limit-4.0.0.tgz",
      "integrity": "sha512-5b0R4txpzjPWVw/cXXUResoD4hb6U/x9BH08L7nw+GN1sezDzPdxeRvpc9c433fZhBan/wusjbCsqwqm4EIBIQ==",
      "dev": true,
      "dependencies": {
        "yocto-queue": "^1.0.0"
      },
      "engines": {
        "node": "^12.20.0 || ^14.13.1 || >=16.0.0"
      },
      "funding": {
        "url": "https://github.com/sponsors/sindresorhus"
      }
    },
    "node_modules/p-locate": {
      "version": "6.0.0",
      "resolved": "https://registry.npmjs.org/p-locate/-/p-locate-6.0.0.tgz",
      "integrity": "sha512-wPrq66Llhl7/4AGC6I+cqxT07LhXvWL08LNXz1fENOw0Ap4sRZZ/gZpTTJ5jpurzzzfS2W/Ge9BY3LgLjCShcw==",
      "dev": true,
      "dependencies": {
        "p-limit": "^4.0.0"
      },
      "engines": {
        "node": "^12.20.0 || ^14.13.1 || >=16.0.0"
      },
      "funding": {
        "url": "https://github.com/sponsors/sindresorhus"
      }
    },
    "node_modules/parse-json": {
      "version": "7.1.1",
      "resolved": "https://registry.npmjs.org/parse-json/-/parse-json-7.1.1.tgz",
      "integrity": "sha512-SgOTCX/EZXtZxBE5eJ97P4yGM5n37BwRU+YMsH4vNzFqJV/oWFXXCmwFlgWUM4PrakybVOueJJ6pwHqSVhTFDw==",
      "dev": true,
      "dependencies": {
        "@babel/code-frame": "^7.21.4",
        "error-ex": "^1.3.2",
        "json-parse-even-better-errors": "^3.0.0",
        "lines-and-columns": "^2.0.3",
        "type-fest": "^3.8.0"
      },
      "engines": {
        "node": ">=16"
      },
      "funding": {
        "url": "https://github.com/sponsors/sindresorhus"
      }
    },
    "node_modules/parse-json/node_modules/type-fest": {
      "version": "3.13.1",
      "resolved": "https://registry.npmjs.org/type-fest/-/type-fest-3.13.1.tgz",
      "integrity": "sha512-tLq3bSNx+xSpwvAJnzrK0Ep5CLNWjvFTOp71URMaAEWBfRb9nnJiBoUe0tF8bI4ZFO3omgBR6NvnbzVUT3Ly4g==",
      "dev": true,
      "engines": {
        "node": ">=14.16"
      },
      "funding": {
        "url": "https://github.com/sponsors/sindresorhus"
      }
    },
    "node_modules/path-exists": {
      "version": "5.0.0",
      "resolved": "https://registry.npmjs.org/path-exists/-/path-exists-5.0.0.tgz",
      "integrity": "sha512-RjhtfwJOxzcFmNOi6ltcbcu4Iu+FL3zEj83dk4kAS+fVpTxXLO1b38RvJgT/0QwvV/L3aY9TAnyv0EOqW4GoMQ==",
      "dev": true,
      "engines": {
        "node": "^12.20.0 || ^14.13.1 || >=16.0.0"
      }
    },
    "node_modules/read-pkg": {
      "version": "8.1.0",
      "resolved": "https://registry.npmjs.org/read-pkg/-/read-pkg-8.1.0.tgz",
      "integrity": "sha512-PORM8AgzXeskHO/WEv312k9U03B8K9JSiWF/8N9sUuFjBa+9SF2u6K7VClzXwDXab51jCd8Nd36CNM+zR97ScQ==",
      "dev": true,
      "dependencies": {
        "@types/normalize-package-data": "^2.4.1",
        "normalize-package-data": "^6.0.0",
        "parse-json": "^7.0.0",
        "type-fest": "^4.2.0"
      },
      "engines": {
        "node": ">=16"
      },
      "funding": {
        "url": "https://github.com/sponsors/sindresorhus"
      }
    },
    "node_modules/read-pkg-up": {
      "version": "10.1.0",
      "resolved": "https://registry.npmjs.org/read-pkg-up/-/read-pkg-up-10.1.0.tgz",
      "integrity": "sha512-aNtBq4jR8NawpKJQldrQcSW9y/d+KWH4v24HWkHljOZ7H0av+YTGANBzRh9A5pw7v/bLVsLVPpOhJ7gHNVy8lA==",
      "dev": true,
      "dependencies": {
        "find-up": "^6.3.0",
        "read-pkg": "^8.1.0",
        "type-fest": "^4.2.0"
      },
      "engines": {
        "node": ">=16"
      },
      "funding": {
        "url": "https://github.com/sponsors/sindresorhus"
      }
    },
    "node_modules/semver": {
      "version": "7.5.4",
      "resolved": "https://registry.npmjs.org/semver/-/semver-7.5.4.tgz",
      "integrity": "sha512-1bCSESV6Pv+i21Hvpxp3Dx+pSD8lIPt8uVjRrxAUt/nbswYc+tK6Y2btiULjd4+fnq15PX+nqQDC7Oft7WkwcA==",
      "dev": true,
      "dependencies": {
        "lru-cache": "^6.0.0"
      },
      "bin": {
        "semver": "bin/semver.js"
      },
      "engines": {
        "node": ">=10"
      }
    },
    "node_modules/semver/node_modules/lru-cache": {
      "version": "6.0.0",
      "resolved": "https://registry.npmjs.org/lru-cache/-/lru-cache-6.0.0.tgz",
      "integrity": "sha512-Jo6dJ04CmSjuznwJSS3pUeWmd/H0ffTlkXXgwZi+eq1UCmqQwCh+eLsYOYCwY991i2Fah4h1BEMCx4qThGbsiA==",
      "dev": true,
      "dependencies": {
        "yallist": "^4.0.0"
      },
      "engines": {
        "node": ">=10"
      }
    },
    "node_modules/source-map": {
      "version": "0.6.1",
      "resolved": "https://registry.npmjs.org/source-map/-/source-map-0.6.1.tgz",
      "integrity": "sha512-UjgapumWlbMhkBgzT7Ykc5YXUT46F0iKu8SGXq0bcwP5dz/h0Plj6enJqjz1Zbq2l5WaqYnrVbwWOWMyF3F47g==",
      "dev": true,
      "engines": {
        "node": ">=0.10.0"
      }
    },
    "node_modules/spdx-correct": {
      "version": "3.2.0",
      "resolved": "https://registry.npmjs.org/spdx-correct/-/spdx-correct-3.2.0.tgz",
      "integrity": "sha512-kN9dJbvnySHULIluDHy32WHRUu3Og7B9sbY7tsFLctQkIqnMh3hErYgdMjTYuqmcXX+lK5T1lnUt3G7zNswmZA==",
      "dev": true,
      "dependencies": {
        "spdx-expression-parse": "^3.0.0",
        "spdx-license-ids": "^3.0.0"
      }
    },
    "node_modules/spdx-exceptions": {
      "version": "2.3.0",
      "resolved": "https://registry.npmjs.org/spdx-exceptions/-/spdx-exceptions-2.3.0.tgz",
      "integrity": "sha512-/tTrYOC7PPI1nUAgx34hUpqXuyJG+DTHJTnIULG4rDygi4xu/tfgmq1e1cIRwRzwZgo4NLySi+ricLkZkw4i5A==",
      "dev": true
    },
    "node_modules/spdx-expression-parse": {
      "version": "3.0.1",
      "resolved": "https://registry.npmjs.org/spdx-expression-parse/-/spdx-expression-parse-3.0.1.tgz",
      "integrity": "sha512-cbqHunsQWnJNE6KhVSMsMeH5H/L9EpymbzqTQ3uLwNCLZ1Q481oWaofqH7nO6V07xlXwY6PhQdQ2IedWx/ZK4Q==",
      "dev": true,
      "dependencies": {
        "spdx-exceptions": "^2.1.0",
        "spdx-license-ids": "^3.0.0"
      }
    },
    "node_modules/spdx-license-ids": {
      "version": "3.0.16",
      "resolved": "https://registry.npmjs.org/spdx-license-ids/-/spdx-license-ids-3.0.16.tgz",
      "integrity": "sha512-eWN+LnM3GR6gPu35WxNgbGl8rmY1AEmoMDvL/QD6zYmPWgywxWqJWNdLGT+ke8dKNWrcYgYjPpG5gbTfghP8rw==",
      "dev": true
    },
    "node_modules/split2": {
      "version": "4.2.0",
      "resolved": "https://registry.npmjs.org/split2/-/split2-4.2.0.tgz",
      "integrity": "sha512-UcjcJOWknrNkF6PLX83qcHM6KHgVKNkV62Y8a5uYDVv9ydGQVwAHMKqHdJje1VTWpljG0WYpCDhrCdAOYH4TWg==",
      "dev": true,
      "engines": {
        "node": ">= 10.x"
      }
    },
    "node_modules/supports-color": {
      "version": "5.5.0",
      "resolved": "https://registry.npmjs.org/supports-color/-/supports-color-5.5.0.tgz",
      "integrity": "sha512-QjVjwdXIt408MIiAqCX4oUKsgU2EqAGzs2Ppkm4aQYbjm+ZEWEcW4SfFNTr4uMNZma0ey4f5lgLrkB0aX0QMow==",
      "dev": true,
      "dependencies": {
        "has-flag": "^3.0.0"
      },
      "engines": {
        "node": ">=4"
      }
    },
    "node_modules/text-extensions": {
      "version": "2.4.0",
      "resolved": "https://registry.npmjs.org/text-extensions/-/text-extensions-2.4.0.tgz",
      "integrity": "sha512-te/NtwBwfiNRLf9Ijqx3T0nlqZiQ2XrrtBvu+cLL8ZRrGkO0NHTug8MYFKyoSrv/sHTaSKfilUkizV6XhxMJ3g==",
      "dev": true,
      "engines": {
        "node": ">=8"
      },
      "funding": {
        "url": "https://github.com/sponsors/sindresorhus"
      }
    },
    "node_modules/through": {
      "version": "2.3.8",
      "resolved": "https://registry.npmjs.org/through/-/through-2.3.8.tgz",
      "integrity": "sha512-w89qg7PI8wAdvX60bMDP+bFoD5Dvhm9oLheFp5O4a2QF0cSBGsBX4qZmadPMvVqlLJBBci+WqGGOAPvcDeNSVg==",
      "dev": true
    },
    "node_modules/type-fest": {
      "version": "4.7.1",
      "resolved": "https://registry.npmjs.org/type-fest/-/type-fest-4.7.1.tgz",
      "integrity": "sha512-iWr8RUmzAJRfhZugX9O7nZE6pCxDU8CZ3QxsLuTnGcBLJpCaP2ll3s4eMTBoFnU/CeXY/5rfQSuAEsTGJO4y8A==",
      "dev": true,
      "engines": {
        "node": ">=16"
      },
      "funding": {
        "url": "https://github.com/sponsors/sindresorhus"
      }
    },
    "node_modules/uglify-js": {
      "version": "3.17.4",
      "resolved": "https://registry.npmjs.org/uglify-js/-/uglify-js-3.17.4.tgz",
      "integrity": "sha512-T9q82TJI9e/C1TAxYvfb16xO120tMVFZrGA3f9/P4424DNu6ypK103y0GPFVa17yotwSyZW5iYXgjYHkGrJW/g==",
      "dev": true,
      "optional": true,
      "bin": {
        "uglifyjs": "bin/uglifyjs"
      },
      "engines": {
        "node": ">=0.8.0"
      }
    },
    "node_modules/validate-npm-package-license": {
      "version": "3.0.4",
      "resolved": "https://registry.npmjs.org/validate-npm-package-license/-/validate-npm-package-license-3.0.4.tgz",
      "integrity": "sha512-DpKm2Ui/xN7/HQKCtpZxoRWBhZ9Z0kqtygG8XCgNQ8ZlDnxuQmWhj566j8fN4Cu3/JmbhsDo7fcAJq4s9h27Ew==",
      "dev": true,
      "dependencies": {
        "spdx-correct": "^3.0.0",
        "spdx-expression-parse": "^3.0.0"
      }
    },
    "node_modules/wordwrap": {
      "version": "1.0.0",
      "resolved": "https://registry.npmjs.org/wordwrap/-/wordwrap-1.0.0.tgz",
      "integrity": "sha512-gvVzJFlPycKc5dZN4yPkP8w7Dc37BtP1yczEneOb4uq34pXZcvrtRTmWV8W+Ume+XCxKgbjM+nevkyFPMybd4Q==",
      "dev": true
    },
    "node_modules/yallist": {
      "version": "4.0.0",
      "resolved": "https://registry.npmjs.org/yallist/-/yallist-4.0.0.tgz",
      "integrity": "sha512-3wdGidZyq5PB084XLES5TpOSRA3wjXAlIWMhum2kRcv/41Sn2emQ0dycQW4uZXLejwKvg6EsvbdlVL+FYEct7A==",
      "dev": true
    },
    "node_modules/yocto-queue": {
      "version": "1.0.0",
      "resolved": "https://registry.npmjs.org/yocto-queue/-/yocto-queue-1.0.0.tgz",
      "integrity": "sha512-9bnSc/HEW2uRy67wc+T8UwauLuPJVn28jb+GtJY16iiKWyvmYJRXVT4UamsAEGQfPohgr2q4Tq0sQbQlxTfi1g==",
      "dev": true,
      "engines": {
        "node": ">=12.20"
      },
      "funding": {
        "url": "https://github.com/sponsors/sindresorhus"
      }
    }
  }
}
