{
  "name": "url-join",
  "version": "5.0.0",
  "lockfileVersion": 3,
  "requires": true,
  "packages": {
    "": {
      "name": "url-join",
      "version": "5.0.0",
      "license": "MIT",
      "devDependencies": {
        "conventional-changelog": "^8.0.0"
      },
      "engines": {
        "node": "^12.20.0 || ^14.13.1 || >=16.0.0"
      }
    },
    "node_modules/@conventional-changelog/git-client": {
      "version": "3.0.1",
      "resolved": "https://registry.npmjs.org/@conventional-changelog/git-client/-/git-client-3.0.1.tgz",
      "integrity": "sha512-5gW6MaxbrErdhK2YopOY6EXU7iyuE0132wK4h/6a6n1iqML9G063hU3ixOAMb7CEGDkcqVrgrRRbK16QtMpdEg==",
      "dev": true,
      "license": "MIT",
      "dependencies": {
        "@simple-libs/child-process-utils": "^2.0.0",
        "@simple-libs/stream-utils": "^2.0.0",
        "semver": "^7.5.2"
      },
      "engines": {
        "node": ">=22"
      },
      "peerDependencies": {
        "conventional-commits-filter": "^6.0.0",
        "conventional-commits-parser": "^7.0.0"
      },
      "peerDependenciesMeta": {
        "conventional-commits-filter": {
          "optional": true
        },
        "conventional-commits-parser": {
          "optional": true
        }
      }
    },
    "node_modules/@conventional-changelog/template": {
      "version": "1.2.0",
      "resolved": "https://registry.npmjs.org/@conventional-changelog/template/-/template-1.2.0.tgz",
      "integrity": "sha512-12qHxvlKjHmP0PQ+17EREgC7lWyLwbph1RKcZQZ7k7ZWGmrxfxC9gadHGfvzr0g0u8BhiBGg3tks93txodlyRQ==",
      "dev": true,
      "license": "MIT",
      "engines": {
        "node": ">=22"
      }
    },
    "node_modules/@simple-libs/child-process-utils": {
      "version": "2.0.0",
      "resolved": "https://registry.npmjs.org/@simple-libs/child-process-utils/-/child-process-utils-2.0.0.tgz",
      "integrity": "sha512-dvNoRKLijXnD0XoJAz94pbNuB5GQgDr55UhpSPhffDkTT0Cmcqh9jSCOtwfT2d4H6MI9E7c4SgtMuJXZ6F3c6A==",
      "dev": true,
      "license": "MIT",
      "dependencies": {
        "@simple-libs/stream-utils": "^2.0.0"
      },
      "engines": {
        "node": ">=22"
      },
      "funding": {
        "url": "https://ko-fi.com/dangreen"
      }
    },
    "node_modules/@simple-libs/hosted-git-info": {
      "version": "2.0.0",
      "resolved": "https://registry.npmjs.org/@simple-libs/hosted-git-info/-/hosted-git-info-2.0.0.tgz",
      "integrity": "sha512-55XwK/GYgV58PuN8lZFhI1qRxdKoMLJocXl/yM1EPqazFDmM4QWY7q6BxPCPDNKTNunj794DSD4h0H7SrqUdMg==",
      "dev": true,
      "license": "MIT",
      "engines": {
        "node": ">=22"
      },
      "funding": {
        "url": "https://ko-fi.com/dangreen"
      }
    },
    "node_modules/@simple-libs/normalize-package-data": {
      "version": "1.0.0",
      "resolved": "https://registry.npmjs.org/@simple-libs/normalize-package-data/-/normalize-package-data-1.0.0.tgz",
      "integrity": "sha512-/EOmFBekV9tGee8gac/k+5Ox3twkypNqh5TfxA9vTkmcJkjm6f1xqrlstDNOrEhTvnYyVtU6Du2ZhY/IV1+9GA==",
      "dev": true,
      "license": "MIT",
      "dependencies": {
        "@simple-libs/hosted-git-info": "^2.0.0",
        "semver": "^7.8.5"
      },
      "engines": {
        "node": ">=22"
      },
      "funding": {
        "url": "https://ko-fi.com/dangreen"
      }
    },
    "node_modules/@simple-libs/stream-utils": {
      "version": "2.0.0",
      "resolved": "https://registry.npmjs.org/@simple-libs/stream-utils/-/stream-utils-2.0.0.tgz",
      "integrity": "sha512-fCTuZK4QBa+39Oz9l4OGfJfz+GpwCp3AqO7Zch3to99xHPgstVsRFpeQ8LNd2o1Gv8raL2mCFwiaHh7bFSp5DQ==",
      "dev": true,
      "license": "MIT",
      "engines": {
        "node": ">=22"
      },
      "funding": {
        "url": "https://ko-fi.com/dangreen"
      }
    },
    "node_modules/conventional-changelog": {
      "version": "8.0.0",
      "resolved": "https://registry.npmjs.org/conventional-changelog/-/conventional-changelog-8.0.0.tgz",
      "integrity": "sha512-vUS+Zyk+bioH71dSikZ1RbgFt3KaDcRoaxdPtv5+PNcuqEfqGuK6yVte6AuopjEAVMz8P5lhoTsFYMmHTu0jTA==",
      "dev": true,
      "license": "MIT",
      "dependencies": {
        "@conventional-changelog/git-client": "^3.0.0",
        "@simple-libs/hosted-git-info": "^2.0.0",
        "@simple-libs/normalize-package-data": "^1.0.0",
        "conventional-changelog-preset-loader": "^6.0.0",
        "conventional-changelog-writer": "^9.0.0",
        "conventional-commits-parser": "^7.0.0",
        "fd-package-json": "^2.0.0",
        "meow": "^14.0.0"
      },
      "bin": {
        "conventional-changelog": "dist/cli/index.js"
      },
      "engines": {
        "node": ">=22"
      }
    },
    "node_modules/conventional-changelog-preset-loader": {
      "version": "6.0.0",
      "resolved": "https://registry.npmjs.org/conventional-changelog-preset-loader/-/conventional-changelog-preset-loader-6.0.0.tgz",
      "integrity": "sha512-3riLntQf3x7tBqFJZIW5zvfRBuABhBvbU+6SdbFVhslgzkC5NEdEDSnxpCysTsHQrfrkJV/5a6E3B1sDffdbzg==",
      "dev": true,
      "license": "MIT",
      "engines": {
        "node": ">=22"
      }
    },
    "node_modules/conventional-changelog-writer": {
      "version": "9.1.0",
      "resolved": "https://registry.npmjs.org/conventional-changelog-writer/-/conventional-changelog-writer-9.1.0.tgz",
      "integrity": "sha512-m3eMC0wT6gecDZCS1txbDCNurmAlLQdGyi7Os+n/sKiC1T4U/K/VJH530DCNyWwq60bUaeiPPxwtA1hMR+Pqbg==",
      "dev": true,
      "license": "MIT",
      "dependencies": {
        "@conventional-changelog/template": "^1.2.0",
        "@simple-libs/stream-utils": "^2.0.0",
        "conventional-commits-filter": "^6.0.0",
        "meow": "^14.0.0",
        "semver": "^7.5.2"
      },
      "bin": {
        "conventional-changelog-writer": "dist/cli/index.js"
      },
      "engines": {
        "node": ">=22"
      }
    },
    "node_modules/conventional-commits-filter": {
      "version": "6.0.0",
      "resolved": "https://registry.npmjs.org/conventional-commits-filter/-/conventional-commits-filter-6.0.0.tgz",
      "integrity": "sha512-taSykxCRrEryH1oTkqUa6bvIgSPWG7BRs4mwuwQR68099xRQCTBIIbu9vs6xHO2YW4iKuB4GIfAZVQW5BLYG6Q==",
      "dev": true,
      "license": "MIT",
      "engines": {
        "node": ">=22"
      }
    },
    "node_modules/conventional-commits-parser": {
      "version": "7.0.0",
      "resolved": "https://registry.npmjs.org/conventional-commits-parser/-/conventional-commits-parser-7.0.0.tgz",
      "integrity": "sha512-dZe/p+FgGQLNJFqaCgNdl8j6a7gI8xuaN30Wy5g7nvyK3jqOpNUEUZ3pGJ5D68h89uRh038FtkeOk/bnGmYkmg==",
      "dev": true,
      "license": "MIT",
      "dependencies": {
        "@simple-libs/stream-utils": "^2.0.0",
        "meow": "^14.0.0"
      },
      "bin": {
        "conventional-commits-parser": "dist/cli/index.js"
      },
      "engines": {
        "node": ">=22"
      }
    },
    "node_modules/fd-package-json": {
      "version": "2.0.0",
      "resolved": "https://registry.npmjs.org/fd-package-json/-/fd-package-json-2.0.0.tgz",
      "integrity": "sha512-jKmm9YtsNXN789RS/0mSzOC1NUq9mkVd65vbSSVsKdjGvYXBuE4oWe2QOEoFeRmJg+lPuZxpmrfFclNhoRMneQ==",
      "dev": true,
      "license": "MIT",
      "dependencies": {
        "walk-up-path": "^4.0.0"
      }
    },
    "node_modules/meow": {
      "version": "14.1.0",
      "resolved": "https://registry.npmjs.org/meow/-/meow-14.1.0.tgz",
      "integrity": "sha512-EDYo6VlmtnumlcBCbh1gLJ//9jvM/ndXHfVXIFrZVr6fGcwTUyCTFNTLCKuY3ffbK8L/+3Mzqnd58RojiZqHVw==",
      "dev": true,
      "license": "MIT",
      "engines": {
        "node": ">=20"
      },
      "funding": {
        "url": "https://github.com/sponsors/sindresorhus"
      }
    },
    "node_modules/semver": {
      "version": "7.8.5",
      "resolved": "https://registry.npmjs.org/semver/-/semver-7.8.5.tgz",
      "integrity": "sha512-Y7/KDsb8LjooZpwaqGyulO6DQlksgCncchHGk+sZIY4SBvUocMBEFH5Ur1fI4dV+Jvl0w6cjvucaIi40puRioA==",
      "dev": true,
      "license": "ISC",
      "bin": {
        "semver": "bin/semver.js"
      },
      "engines": {
        "node": ">=10"
      }
    },
    "node_modules/walk-up-path": {
      "version": "4.0.0",
      "resolved": "https://registry.npmjs.org/walk-up-path/-/walk-up-path-4.0.0.tgz",
      "integrity": "sha512-3hu+tD8YzSLGuFYtPRb48vdhKMi0KQV5sn+uWr8+7dMEq/2G/dtLrdDinkLjqq5TIbIBjYJ4Ax/n3YiaW7QM8A==",
      "dev": true,
      "license": "ISC",
      "engines": {
        "node": "20 || >=22"
      }
    }
  }
}
